
Microsoft Visual Studio Solution File, Format Version 12.00
# Visual Studio Version 17
VisualStudioVersion = 17.6.33801.468
MinimumVisualStudioVersion = 10.0.40219.1
Project("{FAE04EC0-301F-11D3-BF4B-00C04F79EFBC}") = "Wsa.FarmersMarket.Billing", "Wsa.FarmersMarket.Billing\Wsa.FarmersMarket.Billing.csproj", "{973EDFE4-EE24-4247-A986-7386B4A564C0}"
EndProject
Project("{FAE04EC0-301F-11D3-BF4B-00C04F79EFBC}") = "Wsa.Farmermarket.Services", "Wsa.Farmermarket.Services\Wsa.Farmermarket.Services.csproj", "{BC36CE19-05A6-41BE-B531-07D917540E96}"
EndProject
Project("{FAE04EC0-301F-11D3-BF4B-00C04F79EFBC}") = "Wsa.FarmersMarket.Models", "Wsa.FarmersMarket.Models\Wsa.FarmersMarket.Models.csproj", "{F1AB5288-A01C-4DD6-ADDF-8A6F47091872}"
EndProject
Project("{FAE04EC0-301F-11D3-BF4B-00C04F79EFBC}") = "Wsa.Farmermarket.Tests", "Wsa.Farmermarket.Tests\Wsa.Farmermarket.Tests.csproj", "{410B6EC1-72C6-4398-9BE5-C2AD9C1480FF}"
EndProject
Project("{FAE04EC0-301F-11D3-BF4B-00C04F79EFBC}") = "Wsa.FarmersMarket.Core", "Wsa.FarmersMarket.Core\Wsa.FarmersMarket.Core.csproj", "{DC99BABB-A827-4736-976F-1078438EC3A8}"
EndProject
Global
	GlobalSection(SolutionConfigurationPlatforms) = preSolution
		Debug|Any CPU = Debug|Any CPU
		Release|Any CPU = Release|Any CPU
	EndGlobalSection
	GlobalSection(ProjectConfigurationPlatforms) = postSolution
		{973EDFE4-EE24-4247-A986-7386B4A564C0}.Debug|Any CPU.ActiveCfg = Debug|Any CPU
		{973EDFE4-EE24-4247-A986-7386B4A564C0}.Debug|Any CPU.Build.0 = Debug|Any CPU
		{973EDFE4-EE24-4247-A986-7386B4A564C0}.Release|Any CPU.ActiveCfg = Release|Any CPU
		{973EDFE4-EE24-4247-A986-7386B4A564C0}.Release|Any CPU.Build.0 = Release|Any CPU
		{BC36CE19-05A6-41BE-B531-07D917540E96}.Debug|Any CPU.ActiveCfg = Debug|Any CPU
		{BC36CE19-05A6-41BE-B531-07D917540E96}.Debug|Any CPU.Build.0 = Debug|Any CPU
		{BC36CE19-05A6-41BE-B531-07D917540E96}.Release|Any CPU.ActiveCfg = Release|Any CPU
		{BC36CE19-05A6-41BE-B531-07D917540E96}.Release|Any CPU.Build.0 = Release|Any CPU
		{F1AB5288-A01C-4DD6-ADDF-8A6F47091872}.Debug|Any CPU.ActiveCfg = Debug|Any CPU
		{F1AB5288-A01C-4DD6-ADDF-8A6F47091872}.Debug|Any CPU.Build.0 = Debug|Any CPU
		{F1AB5288-A01C-4DD6-ADDF-8A6F47091872}.Release|Any CPU.ActiveCfg = Release|Any CPU
		{F1AB5288-A01C-4DD6-ADDF-8A6F47091872}.Release|Any CPU.Build.0 = Release|Any CPU
		{410B6EC1-72C6-4398-9BE5-C2AD9C1480FF}.Debug|Any CPU.ActiveCfg = Debug|Any CPU
		{410B6EC1-72C6-4398-9BE5-C2AD9C1480FF}.Debug|Any CPU.Build.0 = Debug|Any CPU
		{410B6EC1-72C6-4398-9BE5-C2AD9C1480FF}.Release|Any CPU.ActiveCfg = Release|Any CPU
		{410B6EC1-72C6-4398-9BE5-C2AD9C1480FF}.Release|Any CPU.Build.0 = Release|Any CPU
		{DC99BABB-A827-4736-976F-1078438EC3A8}.Debug|Any CPU.ActiveCfg = Debug|Any CPU
		{DC99BABB-A827-4736-976F-1078438EC3A8}.Debug|Any CPU.Build.0 = Debug|Any CPU
		{DC99BABB-A827-4736-976F-1078438EC3A8}.Release|Any CPU.ActiveCfg = Release|Any CPU
		{DC99BABB-A827-4736-976F-1078438EC3A8}.Release|Any CPU.Build.0 = Release|Any CPU
	EndGlobalSection
	GlobalSection(SolutionProperties) = preSolution
		HideSolutionNode = FALSE
	EndGlobalSection
	GlobalSection(ExtensibilityGlobals) = postSolution
		SolutionGuid = {A651A630-EE8D-474B-9B1D-B5339C2AC120}
	EndGlobalSection
EndGlobal
